// !$*UTF8*$!
{
	archiveVersion = 1;
	classes = {
	};
	objectVersion = 52;
	objects = {

/* Begin PBXBuildFile section */
		9878824E25CB25960082E3E8 /* RxSwift in Frameworks */ = {isa = PBXBuildFile; productRef = 9878824D25CB25960082E3E8 /* RxSwift */; };
		9878825025CB25960082E3E8 /* RxCocoa in Frameworks */ = {isa = PBXBuildFile; productRef = 9878824F25CB25960082E3E8 /* RxCocoa */; };
		9878825225CB25960082E3E8 /* RxRelay in Frameworks */ = {isa = PBXBuildFile; productRef = 9878825125CB25960082E3E8 /* RxRelay */; };
		9878825825CB25EC0082E3E8 /* Reusable in Frameworks */ = {isa = PBXBuildFile; productRef = 9878825725CB25EC0082E3E8 /* Reusable */; };
		9878826125CB26DB0082E3E8 /* RxFlow in Frameworks */ = {isa = PBXBuildFile; productRef = 9878826025CB26DB0082E3E8 /* RxFlow */; };
		9878826725CB27070082E3E8 /* Swinject in Frameworks */ = {isa = PBXBuildFile; productRef = 9878826625CB27070082E3E8 /* Swinject */; };
		9878826D25CB27190082E3E8 /* SwinjectAutoregistration in Frameworks */ = {isa = PBXBuildFile; productRef = 9878826C25CB27190082E3E8 /* SwinjectAutoregistration */; };
		9878827325CB284D0082E3E8 /* RxRestClient in Frameworks */ = {isa = PBXBuildFile; productRef = 9878827225CB284D0082E3E8 /* RxRestClient */; };
		9878827925CB29380082E3E8 /* RxOptional in Frameworks */ = {isa = PBXBuildFile; productRef = 9878827825CB29380082E3E8 /* RxOptional */; };
		9878828525CB2CF80082E3E8 /* Kingfisher in Frameworks */ = {isa = PBXBuildFile; productRef = 9878828425CB2CF80082E3E8 /* Kingfisher */; };
		9878828B25CB2F400082E3E8 /* UIScrollView+Extensions.swift in Sources */ = {isa = PBXBuildFile; fileRef = 9878828A25CB2F400082E3E8 /* UIScrollView+Extensions.swift */; };
		98DF077025CB0F99003943DA /* AppDelegate.swift in Sources */ = {isa = PBXBuildFile; fileRef = 98DF076F25CB0F99003943DA /* AppDelegate.swift */; };
		98DF077225CB0F99003943DA /* SceneDelegate.swift in Sources */ = {isa = PBXBuildFile; fileRef = 98DF077125CB0F99003943DA /* SceneDelegate.swift */; };
		98DF077425CB0F99003943DA /* PricebooksViewController.swift in Sources */ = {isa = PBXBuildFile; fileRef = 98DF077325CB0F99003943DA /* PricebooksViewController.swift */; };
		98DF077725CB0F99003943DA /* PricebooksViewController.storyboard in Resources */ = {isa = PBXBuildFile; fileRef = 98DF077525CB0F99003943DA /* PricebooksViewController.storyboard */; };
		98DF077925CB0F9A003943DA /* Assets.xcassets in Resources */ = {isa = PBXBuildFile; fileRef = 98DF077825CB0F9A003943DA /* Assets.xcassets */; };
		98DF077C25CB0F9A003943DA /* LaunchScreen.storyboard in Resources */ = {isa = PBXBuildFile; fileRef = 98DF077A25CB0F9A003943DA /* LaunchScreen.storyboard */; };
		98DF078725CB0F9B003943DA /* STTest1Tests.swift in Sources */ = {isa = PBXBuildFile; fileRef = 98DF078625CB0F9B003943DA /* STTest1Tests.swift */; };
		98DF079225CB0F9B003943DA /* STTest1UITests.swift in Sources */ = {isa = PBXBuildFile; fileRef = 98DF079125CB0F9B003943DA /* STTest1UITests.swift */; };
		98DF07AB25CB1034003943DA /* PricebookResponse.swift in Sources */ = {isa = PBXBuildFile; fileRef = 98DF07AA25CB1034003943DA /* PricebookResponse.swift */; };
		98DF07C725CB10E2003943DA /* MainFlow.swift in Sources */ = {isa = PBXBuildFile; fileRef = 98DF07C625CB10E2003943DA /* MainFlow.swift */; };
		98DF07CC25CB111D003943DA /* AppStep.swift in Sources */ = {isa = PBXBuildFile; fileRef = 98DF07CB25CB111D003943DA /* AppStep.swift */; };
		98DF07D225CB119E003943DA /* MainAssembly.swift in Sources */ = {isa = PBXBuildFile; fileRef = 98DF07D125CB119E003943DA /* MainAssembly.swift */; };
		98DF07DB25CB11FC003943DA /* PricebooksViewModel.swift in Sources */ = {isa = PBXBuildFile; fileRef = 98DF07DA25CB11FC003943DA /* PricebooksViewModel.swift */; };
		98DF07E425CB139A003943DA /* PricebookCell.swift in Sources */ = {isa = PBXBuildFile; fileRef = 98DF07E325CB139A003943DA /* PricebookCell.swift */; };
		98DF07ED25CB14BE003943DA /* PricebookService.swift in Sources */ = {isa = PBXBuildFile; fileRef = 98DF07EC25CB14BE003943DA /* PricebookService.swift */; };
		98DF080825CB1659003943DA /* PricebooksQuery.swift in Sources */ = {isa = PBXBuildFile; fileRef = 98DF080725CB1659003943DA /* PricebooksQuery.swift */; };
		98DF080D25CB1716003943DA /* PricebooksState.swift in Sources */ = {isa = PBXBuildFile; fileRef = 98DF080C25CB1716003943DA /* PricebooksState.swift */; };
		98DF081225CB18B1003943DA /* Endpoints.swift in Sources */ = {isa = PBXBuildFile; fileRef = 98DF081125CB18B1003943DA /* Endpoints.swift */; };
/* End PBXBuildFile section */

/* Begin PBXContainerItemProxy section */
		98DF078325CB0F9B003943DA /* PBXContainerItemProxy */ = {
			isa = PBXContainerItemProxy;
			containerPortal = 98DF076425CB0F99003943DA /* Project object */;
			proxyType = 1;
			remoteGlobalIDString = 98DF076B25CB0F99003943DA;
			remoteInfo = STTest1;
		};
		98DF078E25CB0F9B003943DA /* PBXContainerItemProxy */ = {
			isa = PBXContainerItemProxy;
			containerPortal = 98DF076425CB0F99003943DA /* Project object */;
			proxyType = 1;
			remoteGlobalIDString = 98DF076B25CB0F99003943DA;
			remoteInfo = STTest1;
		};
/* End PBXContainerItemProxy section */

/* Begin PBXFileReference section */
		9878828A25CB2F400082E3E8 /* UIScrollView+Extensions.swift */ = {isa = PBXFileReference; lastKnownFileType = sourcecode.swift; path = "UIScrollView+Extensions.swift"; sourceTree = "<group>"; };
		98DF076C25CB0F99003943DA /* STTest1.app */ = {isa = PBXFileReference; explicitFileType = wrapper.application; includeInIndex = 0; path = STTest1.app; sourceTree = BUILT_PRODUCTS_DIR; };
		98DF076F25CB0F99003943DA /* AppDelegate.swift */ = {isa = PBXFileReference; lastKnownFileType = sourcecode.swift; path = AppDelegate.swift; sourceTree = "<group>"; };
		98DF077125CB0F99003943DA /* SceneDelegate.swift */ = {isa = PBXFileReference; lastKnownFileType = sourcecode.swift; path = SceneDelegate.swift; sourceTree = "<group>"; };
		98DF077325CB0F99003943DA /* PricebooksViewController.swift */ = {isa = PBXFileReference; lastKnownFileType = sourcecode.swift; path = PricebooksViewController.swift; sourceTree = "<group>"; };
		98DF077625CB0F99003943DA /* Base */ = {isa = PBXFileReference; lastKnownFileType = file.storyboard; name = Base; path = Base.lproj/PricebooksViewController.storyboard; sourceTree = "<group>"; };
		98DF077825CB0F9A003943DA /* Assets.xcassets */ = {isa = PBXFileReference; lastKnownFileType = folder.assetcatalog; path = Assets.xcassets; sourceTree = "<group>"; };
		98DF077B25CB0F9A003943DA /* Base */ = {isa = PBXFileReference; lastKnownFileType = file.storyboard; name = Base; path = Base.lproj/LaunchScreen.storyboard; sourceTree = "<group>"; };
		98DF077D25CB0F9A003943DA /* Info.plist */ = {isa = PBXFileReference; lastKnownFileType = text.plist.xml; path = Info.plist; sourceTree = "<group>"; };
		98DF078225CB0F9B003943DA /* STTest1Tests.xctest */ = {isa = PBXFileReference; explicitFileType = wrapper.cfbundle; includeInIndex = 0; path = STTest1Tests.xctest; sourceTree = BUILT_PRODUCTS_DIR; };
		98DF078625CB0F9B003943DA /* STTest1Tests.swift */ = {isa = PBXFileReference; lastKnownFileType = sourcecode.swift; path = STTest1Tests.swift; sourceTree = "<group>"; };
		98DF078825CB0F9B003943DA /* Info.plist */ = {isa = PBXFileReference; lastKnownFileType = text.plist.xml; path = Info.plist; sourceTree = "<group>"; };
		98DF078D25CB0F9B003943DA /* STTest1UITests.xctest */ = {isa = PBXFileReference; explicitFileType = wrapper.cfbundle; includeInIndex = 0; path = STTest1UITests.xctest; sourceTree = BUILT_PRODUCTS_DIR; };
		98DF079125CB0F9B003943DA /* STTest1UITests.swift */ = {isa = PBXFileReference; lastKnownFileType = sourcecode.swift; path = STTest1UITests.swift; sourceTree = "<group>"; };
		98DF079325CB0F9B003943DA /* Info.plist */ = {isa = PBXFileReference; lastKnownFileType = text.plist.xml; path = Info.plist; sourceTree = "<group>"; };
		98DF07AA25CB1034003943DA /* PricebookResponse.swift */ = {isa = PBXFileReference; lastKnownFileType = sourcecode.swift; path = PricebookResponse.swift; sourceTree = "<group>"; };
		98DF07C625CB10E2003943DA /* MainFlow.swift */ = {isa = PBXFileReference; lastKnownFileType = sourcecode.swift; path = MainFlow.swift; sourceTree = "<group>"; };
		98DF07CB25CB111D003943DA /* AppStep.swift */ = {isa = PBXFileReference; lastKnownFileType = sourcecode.swift; path = AppStep.swift; sourceTree = "<group>"; };
		98DF07D125CB119E003943DA /* MainAssembly.swift */ = {isa = PBXFileReference; lastKnownFileType = sourcecode.swift; path = MainAssembly.swift; sourceTree = "<group>"; };
		98DF07DA25CB11FC003943DA /* PricebooksViewModel.swift */ = {isa = PBXFileReference; lastKnownFileType = sourcecode.swift; path = PricebooksViewModel.swift; sourceTree = "<group>"; };
		98DF07E325CB139A003943DA /* PricebookCell.swift */ = {isa = PBXFileReference; lastKnownFileType = sourcecode.swift; path = PricebookCell.swift; sourceTree = "<group>"; };
		98DF07EC25CB14BE003943DA /* PricebookService.swift */ = {isa = PBXFileReference; lastKnownFileType = sourcecode.swift; path = PricebookService.swift; sourceTree = "<group>"; };
		98DF080725CB1659003943DA /* PricebooksQuery.swift */ = {isa = PBXFileReference; lastKnownFileType = sourcecode.swift; path = PricebooksQuery.swift; sourceTree = "<group>"; };
		98DF080C25CB1716003943DA /* PricebooksState.swift */ = {isa = PBXFileReference; lastKnownFileType = sourcecode.swift; path = PricebooksState.swift; sourceTree = "<group>"; };
		98DF081125CB18B1003943DA /* Endpoints.swift */ = {isa = PBXFileReference; lastKnownFileType = sourcecode.swift; path = Endpoints.swift; sourceTree = "<group>"; };
/* End PBXFileReference section */

/* Begin PBXFrameworksBuildPhase section */
		98DF076925CB0F99003943DA /* Frameworks */ = {
			isa = PBXFrameworksBuildPhase;
			buildActionMask = 2147483647;
			files = (
				9878826D25CB27190082E3E8 /* SwinjectAutoregistration in Frameworks */,
				9878826125CB26DB0082E3E8 /* RxFlow in Frameworks */,
				9878825225CB25960082E3E8 /* RxRelay in Frameworks */,
				9878827325CB284D0082E3E8 /* RxRestClient in Frameworks */,
				9878828525CB2CF80082E3E8 /* Kingfisher in Frameworks */,
				9878825025CB25960082E3E8 /* RxCocoa in Frameworks */,
				9878827925CB29380082E3E8 /* RxOptional in Frameworks */,
				9878824E25CB25960082E3E8 /* RxSwift in Frameworks */,
				9878825825CB25EC0082E3E8 /* Reusable in Frameworks */,
				9878826725CB27070082E3E8 /* Swinject in Frameworks */,
			);
			runOnlyForDeploymentPostprocessing = 0;
		};
		98DF077F25CB0F9B003943DA /* Frameworks */ = {
			isa = PBXFrameworksBuildPhase;
			buildActionMask = 2147483647;
			files = (
			);
			runOnlyForDeploymentPostprocessing = 0;
		};
		98DF078A25CB0F9B003943DA /* Frameworks */ = {
			isa = PBXFrameworksBuildPhase;
			buildActionMask = 2147483647;
			files = (
			);
			runOnlyForDeploymentPostprocessing = 0;
		};
/* End PBXFrameworksBuildPhase section */

/* Begin PBXGroup section */
		9878828925CB2F320082E3E8 /* Extensions */ = {
			isa = PBXGroup;
			children = (
				9878828A25CB2F400082E3E8 /* UIScrollView+Extensions.swift */,
			);
			path = Extensions;
			sourceTree = "<group>";
		};
		98DF076325CB0F99003943DA = {
			isa = PBXGroup;
			children = (
				98DF076E25CB0F99003943DA /* STTest1 */,
				98DF078525CB0F9B003943DA /* STTest1Tests */,
				98DF079025CB0F9B003943DA /* STTest1UITests */,
				98DF076D25CB0F99003943DA /* Products */,
			);
			sourceTree = "<group>";
		};
		98DF076D25CB0F99003943DA /* Products */ = {
			isa = PBXGroup;
			children = (
				98DF076C25CB0F99003943DA /* STTest1.app */,
				98DF078225CB0F9B003943DA /* STTest1Tests.xctest */,
				98DF078D25CB0F9B003943DA /* STTest1UITests.xctest */,
			);
			name = Products;
			sourceTree = "<group>";
		};
		98DF076E25CB0F99003943DA /* STTest1 */ = {
			isa = PBXGroup;
			children = (
				98DF07A825CB101C003943DA /* Arch */,
				98DF076F25CB0F99003943DA /* AppDelegate.swift */,
				98DF077125CB0F99003943DA /* SceneDelegate.swift */,
				98DF077825CB0F9A003943DA /* Assets.xcassets */,
				98DF077A25CB0F9A003943DA /* LaunchScreen.storyboard */,
				98DF077D25CB0F9A003943DA /* Info.plist */,
			);
			path = STTest1;
			sourceTree = "<group>";
		};
		98DF078525CB0F9B003943DA /* STTest1Tests */ = {
			isa = PBXGroup;
			children = (
				98DF078625CB0F9B003943DA /* STTest1Tests.swift */,
				98DF078825CB0F9B003943DA /* Info.plist */,
			);
			path = STTest1Tests;
			sourceTree = "<group>";
		};
		98DF079025CB0F9B003943DA /* STTest1UITests */ = {
			isa = PBXGroup;
			children = (
				98DF079125CB0F9B003943DA /* STTest1UITests.swift */,
				98DF079325CB0F9B003943DA /* Info.plist */,
			);
			path = STTest1UITests;
			sourceTree = "<group>";
		};
		98DF07A825CB101C003943DA /* Arch */ = {
			isa = PBXGroup;
			children = (
				98DF07D025CB1194003943DA /* DI */,
				98DF07B025CB104F003943DA /* Flows */,
				98DF07A925CB1022003943DA /* Models */,
				98DF07AF25CB1049003943DA /* Views */,
				98DF07EB25CB14AF003943DA /* Services */,
				9878828925CB2F320082E3E8 /* Extensions */,
			);
			path = Arch;
			sourceTree = "<group>";
		};
		98DF07A925CB1022003943DA /* Models */ = {
			isa = PBXGroup;
			children = (
				98DF07AA25CB1034003943DA /* PricebookResponse.swift */,
				98DF080725CB1659003943DA /* PricebooksQuery.swift */,
				98DF080C25CB1716003943DA /* PricebooksState.swift */,
			);
			path = Models;
			sourceTree = "<group>";
		};
		98DF07AF25CB1049003943DA /* Views */ = {
			isa = PBXGroup;
			children = (
				98DF07D925CB11E6003943DA /* Pricebooks */,
			);
			path = Views;
			sourceTree = "<group>";
		};
		98DF07B025CB104F003943DA /* Flows */ = {
			isa = PBXGroup;
			children = (
				98DF07C625CB10E2003943DA /* MainFlow.swift */,
				98DF07CB25CB111D003943DA /* AppStep.swift */,
			);
			path = Flows;
			sourceTree = "<group>";
		};
		98DF07D025CB1194003943DA /* DI */ = {
			isa = PBXGroup;
			children = (
				98DF07D125CB119E003943DA /* MainAssembly.swift */,
			);
			path = DI;
			sourceTree = "<group>";
		};
		98DF07D925CB11E6003943DA /* Pricebooks */ = {
			isa = PBXGroup;
			children = (
				98DF07E225CB1388003943DA /* Cells */,
				98DF077525CB0F99003943DA /* PricebooksViewController.storyboard */,
				98DF077325CB0F99003943DA /* PricebooksViewController.swift */,
				98DF07DA25CB11FC003943DA /* PricebooksViewModel.swift */,
			);
			path = Pricebooks;
			sourceTree = "<group>";
		};
		98DF07E225CB1388003943DA /* Cells */ = {
			isa = PBXGroup;
			children = (
				98DF07E325CB139A003943DA /* PricebookCell.swift */,
			);
			path = Cells;
			sourceTree = "<group>";
		};
		98DF07EB25CB14AF003943DA /* Services */ = {
			isa = PBXGroup;
			children = (
				98DF081125CB18B1003943DA /* Endpoints.swift */,
				98DF07EC25CB14BE003943DA /* PricebookService.swift */,
			);
			path = Services;
			sourceTree = "<group>";
		};
/* End PBXGroup section */

/* Begin PBXNativeTarget section */
		98DF076B25CB0F99003943DA /* STTest1 */ = {
			isa = PBXNativeTarget;
			buildConfigurationList = 98DF079625CB0F9B003943DA /* Build configuration list for PBXNativeTarget "STTest1" */;
			buildPhases = (
				98DF076825CB0F99003943DA /* Sources */,
				98DF076925CB0F99003943DA /* Frameworks */,
				98DF076A25CB0F99003943DA /* Resources */,
			);
			buildRules = (
			);
			dependencies = (
			);
			name = STTest1;
			packageProductDependencies = (
				9878824D25CB25960082E3E8 /* RxSwift */,
				9878824F25CB25960082E3E8 /* RxCocoa */,
				9878825125CB25960082E3E8 /* RxRelay */,
				9878825725CB25EC0082E3E8 /* Reusable */,
				9878826025CB26DB0082E3E8 /* RxFlow */,
				9878826625CB27070082E3E8 /* Swinject */,
				9878826C25CB27190082E3E8 /* SwinjectAutoregistration */,
				9878827225CB284D0082E3E8 /* RxRestClient */,
				9878827825CB29380082E3E8 /* RxOptional */,
				9878828425CB2CF80082E3E8 /* Kingfisher */,
			);
			productName = STTest1;
			productReference = 98DF076C25CB0F99003943DA /* STTest1.app */;
			productType = "com.apple.product-type.application";
		};
		98DF078125CB0F9B003943DA /* STTest1Tests */ = {
			isa = PBXNativeTarget;
			buildConfigurationList = 98DF079925CB0F9B003943DA /* Build configuration list for PBXNativeTarget "STTest1Tests" */;
			buildPhases = (
				98DF077E25CB0F9B003943DA /* Sources */,
				98DF077F25CB0F9B003943DA /* Frameworks */,
				98DF078025CB0F9B003943DA /* Resources */,
			);
			buildRules = (
			);
			dependencies = (
				98DF078425CB0F9B003943DA /* PBXTargetDependency */,
			);
			name = STTest1Tests;
			productName = STTest1Tests;
			productReference = 98DF078225CB0F9B003943DA /* STTest1Tests.xctest */;
			productType = "com.apple.product-type.bundle.unit-test";
		};
		98DF078C25CB0F9B003943DA /* STTest1UITests */ = {
			isa = PBXNativeTarget;
			buildConfigurationList = 98DF079C25CB0F9B003943DA /* Build configuration list for PBXNativeTarget "STTest1UITests" */;
			buildPhases = (
				98DF078925CB0F9B003943DA /* Sources */,
				98DF078A25CB0F9B003943DA /* Frameworks */,
				98DF078B25CB0F9B003943DA /* Resources */,
			);
			buildRules = (
			);
			dependencies = (
				98DF078F25CB0F9B003943DA /* PBXTargetDependency */,
			);
			name = STTest1UITests;
			productName = STTest1UITests;
			productReference = 98DF078D25CB0F9B003943DA /* STTest1UITests.xctest */;
			productType = "com.apple.product-type.bundle.ui-testing";
		};
/* End PBXNativeTarget section */

/* Begin PBXProject section */
		98DF076425CB0F99003943DA /* Project object */ = {
			isa = PBXProject;
			attributes = {
				LastSwiftUpdateCheck = 1240;
				LastUpgradeCheck = 1240;
				TargetAttributes = {
					98DF076B25CB0F99003943DA = {
						CreatedOnToolsVersion = 12.4;
					};
					98DF078125CB0F9B003943DA = {
						CreatedOnToolsVersion = 12.4;
						TestTargetID = 98DF076B25CB0F99003943DA;
					};
					98DF078C25CB0F9B003943DA = {
						CreatedOnToolsVersion = 12.4;
						TestTargetID = 98DF076B25CB0F99003943DA;
					};
				};
			};
			buildConfigurationList = 98DF076725CB0F99003943DA /* Build configuration list for PBXProject "STTest1" */;
			compatibilityVersion = "Xcode 9.3";
			developmentRegion = en;
			hasScannedForEncodings = 0;
			knownRegions = (
				en,
				Base,
			);
			mainGroup = 98DF076325CB0F99003943DA;
			packageReferences = (
				9878824C25CB25960082E3E8 /* XCRemoteSwiftPackageReference "RxSwift" */,
				9878825625CB25EC0082E3E8 /* XCRemoteSwiftPackageReference "Reusable" */,
				9878825F25CB26DB0082E3E8 /* XCRemoteSwiftPackageReference "RxFlow" */,
				9878826525CB27070082E3E8 /* XCRemoteSwiftPackageReference "Swinject" */,
				9878826B25CB27190082E3E8 /* XCRemoteSwiftPackageReference "SwinjectAutoregistration" */,
				9878827125CB284D0082E3E8 /* XCRemoteSwiftPackageReference "RxRestClient" */,
				9878827725CB29380082E3E8 /* XCRemoteSwiftPackageReference "RxOptional" */,
				9878828325CB2CF80082E3E8 /* XCRemoteSwiftPackageReference "Kingfisher" */,
			);
			productRefGroup = 98DF076D25CB0F99003943DA /* Products */;
			projectDirPath = "";
			projectRoot = "";
			targets = (
				98DF076B25CB0F99003943DA /* STTest1 */,
				98DF078125CB0F9B003943DA /* STTest1Tests */,
				98DF078C25CB0F9B003943DA /* STTest1UITests */,
			);
		};
/* End PBXProject section */

/* Begin PBXResourcesBuildPhase section */
		98DF076A25CB0F99003943DA /* Resources */ = {
			isa = PBXResourcesBuildPhase;
			buildActionMask = 2147483647;
			files = (
				98DF077C25CB0F9A003943DA /* LaunchScreen.storyboard in Resources */,
				98DF077925CB0F9A003943DA /* Assets.xcassets in Resources */,
				98DF077725CB0F99003943DA /* PricebooksViewController.storyboard in Resources */,
			);
			runOnlyForDeploymentPostprocessing = 0;
		};
		98DF078025CB0F9B003943DA /* Resources */ = {
			isa = PBXResourcesBuildPhase;
			buildActionMask = 2147483647;
			files = (
			);
			runOnlyForDeploymentPostprocessing = 0;
		};
		98DF078B25CB0F9B003943DA /* Resources */ = {
			isa = PBXResourcesBuildPhase;
			buildActionMask = 2147483647;
			files = (
			);
			runOnlyForDeploymentPostprocessing = 0;
		};
/* End PBXResourcesBuildPhase section */

/* Begin PBXSourcesBuildPhase section */
		98DF076825CB0F99003943DA /* Sources */ = {
			isa = PBXSourcesBuildPhase;
			buildActionMask = 2147483647;
			files = (
				98DF077425CB0F99003943DA /* PricebooksViewController.swift in Sources */,
				98DF07CC25CB111D003943DA /* AppStep.swift in Sources */,
				98DF081225CB18B1003943DA /* Endpoints.swift in Sources */,
				98DF080825CB1659003943DA /* PricebooksQuery.swift in Sources */,
				98DF07D225CB119E003943DA /* MainAssembly.swift in Sources */,
				98DF077025CB0F99003943DA /* AppDelegate.swift in Sources */,
				98DF07C725CB10E2003943DA /* MainFlow.swift in Sources */,
				98DF07DB25CB11FC003943DA /* PricebooksViewModel.swift in Sources */,
				98DF07ED25CB14BE003943DA /* PricebookService.swift in Sources */,
				98DF077225CB0F99003943DA /* SceneDelegate.swift in Sources */,
				98DF07E425CB139A003943DA /* PricebookCell.swift in Sources */,
				98DF080D25CB1716003943DA /* PricebooksState.swift in Sources */,
				98DF07AB25CB1034003943DA /* PricebookResponse.swift in Sources */,
				9878828B25CB2F400082E3E8 /* UIScrollView+Extensions.swift in Sources */,
			);
			runOnlyForDeploymentPostprocessing = 0;
		};
		98DF077E25CB0F9B003943DA /* Sources */ = {
			isa = PBXSourcesBuildPhase;
			buildActionMask = 2147483647;
			files = (
				98DF078725CB0F9B003943DA /* STTest1Tests.swift in Sources */,
			);
			runOnlyForDeploymentPostprocessing = 0;
		};
		98DF078925CB0F9B003943DA /* Sources */ = {
			isa = PBXSourcesBuildPhase;
			buildActionMask = 2147483647;
			files = (
				98DF079225CB0F9B003943DA /* STTest1UITests.swift in Sources */,
			);
			runOnlyForDeploymentPostprocessing = 0;
		};
/* End PBXSourcesBuildPhase section */

/* Begin PBXTargetDependency section */
		98DF078425CB0F9B003943DA /* PBXTargetDependency */ = {
			isa = PBXTargetDependency;
			target = 98DF076B25CB0F99003943DA /* STTest1 */;
			targetProxy = 98DF078325CB0F9B003943DA /* PBXContainerItemProxy */;
		};
		98DF078F25CB0F9B003943DA /* PBXTargetDependency */ = {
			isa = PBXTargetDependency;
			target = 98DF076B25CB0F99003943DA /* STTest1 */;
			targetProxy = 98DF078E25CB0F9B003943DA /* PBXContainerItemProxy */;
		};
/* End PBXTargetDependency section */

/* Begin PBXVariantGroup section */
		98DF077525CB0F99003943DA /* PricebooksViewController.storyboard */ = {
			isa = PBXVariantGroup;
			children = (
				98DF077625CB0F99003943DA /* Base */,
			);
			name = PricebooksViewController.storyboard;
			sourceTree = "<group>";
		};
		98DF077A25CB0F9A003943DA /* LaunchScreen.storyboard */ = {
			isa = PBXVariantGroup;
			children = (
				98DF077B25CB0F9A003943DA /* Base */,
			);
			name = LaunchScreen.storyboard;
			sourceTree = "<group>";
		};
/* End PBXVariantGroup section */

/* Begin XCBuildConfiguration section */
		98DF079425CB0F9B003943DA /* Debug */ = {
			isa = XCBuildConfiguration;
			buildSettings = {
				ALWAYS_SEARCH_USER_PATHS = NO;
				CLANG_ANALYZER_NONNULL = YES;
				CLANG_ANALYZER_NUMBER_OBJECT_CONVERSION = YES_AGGRESSIVE;
				CLANG_CXX_LANGUAGE_STANDARD = "gnu++14";
				CLANG_CXX_LIBRARY = "libc++";
				CLANG_ENABLE_MODULES = YES;
				CLANG_ENABLE_OBJC_ARC = YES;
				CLANG_ENABLE_OBJC_WEAK = YES;
				CLANG_WARN_BLOCK_CAPTURE_AUTORELEASING = YES;
				CLANG_WARN_BOOL_CONVERSION = YES;
				CLANG_WARN_COMMA = YES;
				CLANG_WARN_CONSTANT_CONVERSION = YES;
				CLANG_WARN_DEPRECATED_OBJC_IMPLEMENTATIONS = YES;
				CLANG_WARN_DIRECT_OBJC_ISA_USAGE = YES_ERROR;
				CLANG_WARN_DOCUMENTATION_COMMENTS = YES;
				CLANG_WARN_EMPTY_BODY = YES;
				CLANG_WARN_ENUM_CONVERSION = YES;
				CLANG_WARN_INFINITE_RECURSION = YES;
				CLANG_WARN_INT_CONVERSION = YES;
				CLANG_WARN_NON_LITERAL_NULL_CONVERSION = YES;
				CLANG_WARN_OBJC_IMPLICIT_RETAIN_SELF = YES;
				CLANG_WARN_OBJC_LITERAL_CONVERSION = YES;
				CLANG_WARN_OBJC_ROOT_CLASS = YES_ERROR;
				CLANG_WARN_QUOTED_INCLUDE_IN_FRAMEWORK_HEADER = YES;
				CLANG_WARN_RANGE_LOOP_ANALYSIS = YES;
				CLANG_WARN_STRICT_PROTOTYPES = YES;
				CLANG_WARN_SUSPICIOUS_MOVE = YES;
				CLANG_WARN_UNGUARDED_AVAILABILITY = YES_AGGRESSIVE;
				CLANG_WARN_UNREACHABLE_CODE = YES;
				CLANG_WARN__DUPLICATE_METHOD_MATCH = YES;
				COPY_PHASE_STRIP = NO;
				DEBUG_INFORMATION_FORMAT = dwarf;
				ENABLE_STRICT_OBJC_MSGSEND = YES;
				ENABLE_TESTABILITY = YES;
				GCC_C_LANGUAGE_STANDARD = gnu11;
				GCC_DYNAMIC_NO_PIC = NO;
				GCC_NO_COMMON_BLOCKS = YES;
				GCC_OPTIMIZATION_LEVEL = 0;
				GCC_PREPROCESSOR_DEFINITIONS = (
					"DEBUG=1",
					"$(inherited)",
				);
				GCC_WARN_64_TO_32_BIT_CONVERSION = YES;
				GCC_WARN_ABOUT_RETURN_TYPE = YES_ERROR;
				GCC_WARN_UNDECLARED_SELECTOR = YES;
				GCC_WARN_UNINITIALIZED_AUTOS = YES_AGGRESSIVE;
				GCC_WARN_UNUSED_FUNCTION = YES;
				GCC_WARN_UNUSED_VARIABLE = YES;
				IPHONEOS_DEPLOYMENT_TARGET = 14.4;
				MTL_ENABLE_DEBUG_INFO = INCLUDE_SOURCE;
				MTL_FAST_MATH = YES;
				ONLY_ACTIVE_ARCH = YES;
				SDKROOT = iphoneos;
				SWIFT_ACTIVE_COMPILATION_CONDITIONS = DEBUG;
				SWIFT_OPTIMIZATION_LEVEL = "-Onone";
			};
			name = Debug;
		};
		98DF079525CB0F9B003943DA /* Release */ = {
			isa = XCBuildConfiguration;
			buildSettings = {
				ALWAYS_SEARCH_USER_PATHS = NO;
				CLANG_ANALYZER_NONNULL = YES;
				CLANG_ANALYZER_NUMBER_OBJECT_CONVERSION = YES_AGGRESSIVE;
				CLANG_CXX_LANGUAGE_STANDARD = "gnu++14";
				CLANG_CXX_LIBRARY = "libc++";
				CLANG_ENABLE_MODULES = YES;
				CLANG_ENABLE_OBJC_ARC = YES;
				CLANG_ENABLE_OBJC_WEAK = YES;
				CLANG_WARN_BLOCK_CAPTURE_AUTORELEASING = YES;
				CLANG_WARN_BOOL_CONVERSION = YES;
				CLANG_WARN_COMMA = YES;
				CLANG_WARN_CONSTANT_CONVERSION = YES;
				CLANG_WARN_DEPRECATED_OBJC_IMPLEMENTATIONS = YES;
				CLANG_WARN_DIRECT_OBJC_ISA_USAGE = YES_ERROR;
				CLANG_WARN_DOCUMENTATION_COMMENTS = YES;
				CLANG_WARN_EMPTY_BODY = YES;
				CLANG_WARN_ENUM_CONVERSION = YES;
				CLANG_WARN_INFINITE_RECURSION = YES;
				CLANG_WARN_INT_CONVERSION = YES;
				CLANG_WARN_NON_LITERAL_NULL_CONVERSION = YES;
				CLANG_WARN_OBJC_IMPLICIT_RETAIN_SELF = YES;
				CLANG_WARN_OBJC_LITERAL_CONVERSION = YES;
				CLANG_WARN_OBJC_ROOT_CLASS = YES_ERROR;
				CLANG_WARN_QUOTED_INCLUDE_IN_FRAMEWORK_HEADER = YES;
				CLANG_WARN_RANGE_LOOP_ANALYSIS = YES;
				CLANG_WARN_STRICT_PROTOTYPES = YES;
				CLANG_WARN_SUSPICIOUS_MOVE = YES;
				CLANG_WARN_UNGUARDED_AVAILABILITY = YES_AGGRESSIVE;
				CLANG_WARN_UNREACHABLE_CODE = YES;
				CLANG_WARN__DUPLICATE_METHOD_MATCH = YES;
				COPY_PHASE_STRIP = NO;
				DEBUG_INFORMATION_FORMAT = "dwarf-with-dsym";
				ENABLE_NS_ASSERTIONS = NO;
				ENABLE_STRICT_OBJC_MSGSEND = YES;
				GCC_C_LANGUAGE_STANDARD = gnu11;
				GCC_NO_COMMON_BLOCKS = YES;
				GCC_WARN_64_TO_32_BIT_CONVERSION = YES;
				GCC_WARN_ABOUT_RETURN_TYPE = YES_ERROR;
				GCC_WARN_UNDECLARED_SELECTOR = YES;
				GCC_WARN_UNINITIALIZED_AUTOS = YES_AGGRESSIVE;
				GCC_WARN_UNUSED_FUNCTION = YES;
				GCC_WARN_UNUSED_VARIABLE = YES;
				IPHONEOS_DEPLOYMENT_TARGET = 14.4;
				MTL_ENABLE_DEBUG_INFO = NO;
				MTL_FAST_MATH = YES;
				SDKROOT = iphoneos;
				SWIFT_COMPILATION_MODE = wholemodule;
				SWIFT_OPTIMIZATION_LEVEL = "-O";
				VALIDATE_PRODUCT = YES;
			};
			name = Release;
		};
		98DF079725CB0F9B003943DA /* Debug */ = {
			isa = XCBuildConfiguration;
			buildSettings = {
				ASSETCATALOG_COMPILER_APPICON_NAME = AppIcon;
				ASSETCATALOG_COMPILER_GLOBAL_ACCENT_COLOR_NAME = AccentColor;
				CODE_SIGN_STYLE = Automatic;
				DEVELOPMENT_TEAM = BMLR8A8TM9;
				INFOPLIST_FILE = STTest1/Info.plist;
				LD_RUNPATH_SEARCH_PATHS = (
					"$(inherited)",
					"@executable_path/Frameworks",
				);
				PRODUCT_BUNDLE_IDENTIFIER = com.tigran.STTest1;
				PRODUCT_NAME = "$(TARGET_NAME)";
				SWIFT_VERSION = 5.0;
				TARGETED_DEVICE_FAMILY = "1,2";
			};
			name = Debug;
		};
		98DF079825CB0F9B003943DA /* Release */ = {
			isa = XCBuildConfiguration;
			buildSettings = {
				ASSETCATALOG_COMPILER_APPICON_NAME = AppIcon;
				ASSETCATALOG_COMPILER_GLOBAL_ACCENT_COLOR_NAME = AccentColor;
				CODE_SIGN_STYLE = Automatic;
				DEVELOPMENT_TEAM = BMLR8A8TM9;
				INFOPLIST_FILE = STTest1/Info.plist;
				LD_RUNPATH_SEARCH_PATHS = (
					"$(inherited)",
					"@executable_path/Frameworks",
				);
				PRODUCT_BUNDLE_IDENTIFIER = com.tigran.STTest1;
				PRODUCT_NAME = "$(TARGET_NAME)";
				SWIFT_VERSION = 5.0;
				TARGETED_DEVICE_FAMILY = "1,2";
			};
			name = Release;
		};
		98DF079A25CB0F9B003943DA /* Debug */ = {
			isa = XCBuildConfiguration;
			buildSettings = {
				ALWAYS_EMBED_SWIFT_STANDARD_LIBRARIES = YES;
				BUNDLE_LOADER = "$(TEST_HOST)";
				CODE_SIGN_STYLE = Automatic;
				DEVELOPMENT_TEAM = BMLR8A8TM9;
				INFOPLIST_FILE = STTest1Tests/Info.plist;
				IPHONEOS_DEPLOYMENT_TARGET = 14.4;
				LD_RUNPATH_SEARCH_PATHS = (
					"$(inherited)",
					"@executable_path/Frameworks",
					"@loader_path/Frameworks",
				);
				PRODUCT_BUNDLE_IDENTIFIER = com.tigran.STTest1Tests;
				PRODUCT_NAME = "$(TARGET_NAME)";
				SWIFT_VERSION = 5.0;
				TARGETED_DEVICE_FAMILY = "1,2";
				TEST_HOST = "$(BUILT_PRODUCTS_DIR)/STTest1.app/STTest1";
			};
			name = Debug;
		};
		98DF079B25CB0F9B003943DA /* Release */ = {
			isa = XCBuildConfiguration;
			buildSettings = {
				ALWAYS_EMBED_SWIFT_STANDARD_LIBRARIES = YES;
				BUNDLE_LOADER = "$(TEST_HOST)";
				CODE_SIGN_STYLE = Automatic;
				DEVELOPMENT_TEAM = BMLR8A8TM9;
				INFOPLIST_FILE = STTest1Tests/Info.plist;
				IPHONEOS_DEPLOYMENT_TARGET = 14.4;
				LD_RUNPATH_SEARCH_PATHS = (
					"$(inherited)",
					"@executable_path/Frameworks",
					"@loader_path/Frameworks",
				);
				PRODUCT_BUNDLE_IDENTIFIER = com.tigran.STTest1Tests;
				PRODUCT_NAME = "$(TARGET_NAME)";
				SWIFT_VERSION = 5.0;
				TARGETED_DEVICE_FAMILY = "1,2";
				TEST_HOST = "$(BUILT_PRODUCTS_DIR)/STTest1.app/STTest1";
			};
			name = Release;
		};
		98DF079D25CB0F9B003943DA /* Debug */ = {
			isa = XCBuildConfiguration;
			buildSettings = {
				ALWAYS_EMBED_SWIFT_STANDARD_LIBRARIES = YES;
				CODE_SIGN_STYLE = Automatic;
				DEVELOPMENT_TEAM = BMLR8A8TM9;
				INFOPLIST_FILE = STTest1UITests/Info.plist;
				LD_RUNPATH_SEARCH_PATHS = (
					"$(inherited)",
					"@executable_path/Frameworks",
					"@loader_path/Frameworks",
				);
				PRODUCT_BUNDLE_IDENTIFIER = com.tigran.STTest1UITests;
				PRODUCT_NAME = "$(TARGET_NAME)";
				SWIFT_VERSION = 5.0;
				TARGETED_DEVICE_FAMILY = "1,2";
				TEST_TARGET_NAME = STTest1;
			};
			name = Debug;
		};
		98DF079E25CB0F9B003943DA /* Release */ = {
			isa = XCBuildConfiguration;
			buildSettings = {
				ALWAYS_EMBED_SWIFT_STANDARD_LIBRARIES = YES;
				CODE_SIGN_STYLE = Automatic;
				DEVELOPMENT_TEAM = BMLR8A8TM9;
				INFOPLIST_FILE = STTest1UITests/Info.plist;
				LD_RUNPATH_SEARCH_PATHS = (
					"$(inherited)",
					"@executable_path/Frameworks",
					"@loader_path/Frameworks",
				);
				PRODUCT_BUNDLE_IDENTIFIER = com.tigran.STTest1UITests;
				PRODUCT_NAME = "$(TARGET_NAME)";
				SWIFT_VERSION = 5.0;
				TARGETED_DEVICE_FAMILY = "1,2";
				TEST_TARGET_NAME = STTest1;
			};
			name = Release;
		};
/* End XCBuildConfiguration section */

/* Begin XCConfigurationList section */
		98DF076725CB0F99003943DA /* Build configuration list for PBXProject "STTest1" */ = {
			isa = XCConfigurationList;
			buildConfigurations = (
				98DF079425CB0F9B003943DA /* Debug */,
				98DF079525CB0F9B003943DA /* Release */,
			);
			defaultConfigurationIsVisible = 0;
			defaultConfigurationName = Release;
		};
		98DF079625CB0F9B003943DA /* Build configuration list for PBXNativeTarget "STTest1" */ = {
			isa = XCConfigurationList;
			buildConfigurations = (
				98DF079725CB0F9B003943DA /* Debug */,
				98DF079825CB0F9B003943DA /* Release */,
			);
			defaultConfigurationIsVisible = 0;
			defaultConfigurationName = Release;
		};
		98DF079925CB0F9B003943DA /* Build configuration list for PBXNativeTarget "STTest1Tests" */ = {
			isa = XCConfigurationList;
			buildConfigurations = (
				98DF079A25CB0F9B003943DA /* Debug */,
				98DF079B25CB0F9B003943DA /* Release */,
			);
			defaultConfigurationIsVisible = 0;
			defaultConfigurationName = Release;
		};
		98DF079C25CB0F9B003943DA /* Build configuration list for PBXNativeTarget "STTest1UITests" */ = {
			isa = XCConfigurationList;
			buildConfigurations = (
				98DF079D25CB0F9B003943DA /* Debug */,
				98DF079E25CB0F9B003943DA /* Release */,
			);
			defaultConfigurationIsVisible = 0;
			defaultConfigurationName = Release;
		};
/* End XCConfigurationList section */

/* Begin XCRemoteSwiftPackageReference section */
		9878824C25CB25960082E3E8 /* XCRemoteSwiftPackageReference "RxSwift" */ = {
			isa = XCRemoteSwiftPackageReference;
			repositoryURL = "https://github.com/ReactiveX/RxSwift.git";
			requirement = {
				kind = exactVersion;
				version = 5.1.1;
			};
		};
		9878825625CB25EC0082E3E8 /* XCRemoteSwiftPackageReference "Reusable" */ = {
			isa = XCRemoteSwiftPackageReference;
			repositoryURL = "https://github.com/AliSoftware/Reusable.git";
			requirement = {
				kind = upToNextMajorVersion;
				minimumVersion = 4.1.1;
			};
		};
		9878825F25CB26DB0082E3E8 /* XCRemoteSwiftPackageReference "RxFlow" */ = {
			isa = XCRemoteSwiftPackageReference;
			repositoryURL = "https://github.com/RxSwiftCommunity/RxFlow.git";
			requirement = {
				kind = upToNextMinorVersion;
				minimumVersion = 2.11.0;
			};
		};
		9878826525CB27070082E3E8 /* XCRemoteSwiftPackageReference "Swinject" */ = {
			isa = XCRemoteSwiftPackageReference;
			repositoryURL = "https://github.com/Swinject/Swinject.git";
			requirement = {
				kind = upToNextMajorVersion;
				minimumVersion = 2.7.1;
			};
		};
		9878826B25CB27190082E3E8 /* XCRemoteSwiftPackageReference "SwinjectAutoregistration" */ = {
			isa = XCRemoteSwiftPackageReference;
			repositoryURL = "https://github.com/Swinject/SwinjectAutoregistration.git";
			requirement = {
				kind = upToNextMajorVersion;
				minimumVersion = 2.7.0;
			};
		};
		9878827125CB284D0082E3E8 /* XCRemoteSwiftPackageReference "RxRestClient" */ = {
			isa = XCRemoteSwiftPackageReference;
			repositoryURL = "https://github.com/STDevTM/RxRestClient.git";
			requirement = {
				kind = upToNextMajorVersion;
				minimumVersion = 2.2.1;
			};
		};
		9878827725CB29380082E3E8 /* XCRemoteSwiftPackageReference "RxOptional" */ = {
			isa = XCRemoteSwiftPackageReference;
			repositoryURL = "https://github.com/RxSwiftCommunity/RxOptional.git";
			requirement = {
				kind = upToNextMajorVersion;
				minimumVersion = 4.1.0;
			};
		};
		9878828325CB2CF80082E3E8 /* XCRemoteSwiftPackageReference "Kingfisher" */ = {
			isa = XCRemoteSwiftPackageReference;
			repositoryURL = "https://github.com/onevcat/Kingfisher.git";
			requirement = {
				kind = upToNextMajorVersion;
				minimumVersion = 6.1.0;
			};
		};
/* End XCRemoteSwiftPackageReference section */

/* Begin XCSwiftPackageProductDependency section */
		9878824D25CB25960082E3E8 /* RxSwift */ = {
			isa = XCSwiftPackageProductDependency;
			package = 9878824C25CB25960082E3E8 /* XCRemoteSwiftPackageReference "RxSwift" */;
			productName = RxSwift;
		};
		9878824F25CB25960082E3E8 /* RxCocoa */ = {
			isa = XCSwiftPackageProductDependency;
			package = 9878824C25CB25960082E3E8 /* XCRemoteSwiftPackageReference "RxSwift" */;
			productName = RxCocoa;
		};
		9878825125CB25960082E3E8 /* RxRelay */ = {
			isa = XCSwiftPackageProductDependency;
			package = 9878824C25CB25960082E3E8 /* XCRemoteSwiftPackageReference "RxSwift" */;
			productName = RxRelay;
		};
		9878825725CB25EC0082E3E8 /* Reusable */ = {
			isa = XCSwiftPackageProductDependency;
			package = 9878825625CB25EC0082E3E8 /* XCRemoteSwiftPackageReference "Reusable" */;
			productName = Reusable;
		};
		9878826025CB26DB0082E3E8 /* RxFlow */ = {
			isa = XCSwiftPackageProductDependency;
			package = 9878825F25CB26DB0082E3E8 /* XCRemoteSwiftPackageReference "RxFlow" */;
			productName = RxFlow;
		};
		9878826625CB27070082E3E8 /* Swinject */ = {
			isa = XCSwiftPackageProductDependency;
			package = 9878826525CB27070082E3E8 /* XCRemoteSwiftPackageReference "Swinject" */;
			productName = Swinject;
		};
		9878826C25CB27190082E3E8 /* SwinjectAutoregistration */ = {
			isa = XCSwiftPackageProductDependency;
			package = 9878826B25CB27190082E3E8 /* XCRemoteSwiftPackageReference "SwinjectAutoregistration" */;
			productName = SwinjectAutoregistration;
		};
		9878827225CB284D0082E3E8 /* RxRestClient */ = {
			isa = XCSwiftPackageProductDependency;
			package = 9878827125CB284D0082E3E8 /* XCRemoteSwiftPackageReference "RxRestClient" */;
			productName = RxRestClient;
		};
		9878827825CB29380082E3E8 /* RxOptional */ = {
			isa = XCSwiftPackageProductDependency;
			package = 9878827725CB29380082E3E8 /* XCRemoteSwiftPackageReference "RxOptional" */;
			productName = RxOptional;
		};
		9878828425CB2CF80082E3E8 /* Kingfisher */ = {
			isa = XCSwiftPackageProductDependency;
			package = 9878828325CB2CF80082E3E8 /* XCRemoteSwiftPackageReference "Kingfisher" */;
			productName = Kingfisher;
		};
/* End XCSwiftPackageProductDependency section */
	};
	rootObject = 98DF076425CB0F99003943DA /* Project object */;
}
